
Microsoft Visual Studio Solution File, Format Version 12.00
# Visual Studio Version 17
VisualStudioVersion = 17.13.35825.156 d17.13
MinimumVisualStudioVersion = 10.0.40219.1
Project("{F2A71F9B-5D33-465A-A702-920D77279786}") = "Assignment6", "Assignment6.fsproj", "{8F77218E-02C2-0E8F-2E44-BE4AED5002F2}"
EndProject
Global
	GlobalSection(SolutionConfigurationPlatforms) = preSolution
		Debug|Any CPU = Debug|Any CPU
		Release|Any CPU = Release|Any CPU
	EndGlobalSection
	GlobalSection(ProjectConfigurationPlatforms) = postSolution
		{8F77218E-02C2-0E8F-2E44-BE4AED5002F2}.Debug|Any CPU.ActiveCfg = Debug|Any CPU
		{8F77218E-02C2-0E8F-2E44-BE4AED5002F2}.Debug|Any CPU.Build.0 = Debug|Any CPU
		{8F77218E-02C2-0E8F-2E44-BE4AED5002F2}.Release|Any CPU.ActiveCfg = Release|Any CPU
		{8F77218E-02C2-0E8F-2E44-BE4AED5002F2}.Release|Any CPU.Build.0 = Release|Any CPU
	EndGlobalSection
	GlobalSection(SolutionProperties) = preSolution
		HideSolutionNode = FALSE
	EndGlobalSection
	GlobalSection(ExtensibilityGlobals) = postSolution
		SolutionGuid = {C0CB2122-F80B-4A55-A414-326009442131}
	EndGlobalSection
EndGlobal
